
Microsoft Visual Studio Solution File, Format Version 12.00
# Visual Studio 15
VisualStudioVersion = 15.0.26124.0
MinimumVisualStudioVersion = 15.0.26124.0
Project("{2150E333-8FDC-42A3-9474-1A3956D46DE8}") = "src", "src", "{7238E60E-1995-4288-9662-D5492A953218}"
EndProject
Project("{FAE04EC0-301F-11D3-BF4B-00C04F79EFBC}") = "Nuuvify.CommonPack.Email.Abstraction", "src\Nuuvify.CommonPack.Email.Abstraction\Nuuvify.CommonPack.Email.Abstraction.csproj", "{50E00779-5976-4095-A732-A13D51BA1538}"
EndProject
Project("{FAE04EC0-301F-11D3-BF4B-00C04F79EFBC}") = "Nuuvify.CommonPack.Email", "src\Nuuvify.CommonPack.Email\Nuuvify.CommonPack.Email.csproj", "{20EF04D1-8BF7-4A4B-8927-CA58AA1291DF}"
EndProject
Project("{FAE04EC0-301F-11D3-BF4B-00C04F79EFBC}") = "Nuuvify.CommonPack.Extensions", "src\Nuuvify.CommonPack.Extensions\Nuuvify.CommonPack.Extensions.csproj", "{9E847272-3CC4-4EDA-8DC7-440C827F814B}"
EndProject
Project("{FAE04EC0-301F-11D3-BF4B-00C04F79EFBC}") = "Nuuvify.CommonPack.AutoHistory", "src\Nuuvify.CommonPack.AutoHistory\Nuuvify.CommonPack.AutoHistory.csproj", "{3B4DA551-8DAC-4017-ADBA-B658ED65F1A0}"
EndProject
Project("{FAE04EC0-301F-11D3-BF4B-00C04F79EFBC}") = "Nuuvify.CommonPack.AzureStorage.Abstraction", "src\Nuuvify.CommonPack.AzureStorage.Abstraction\Nuuvify.CommonPack.AzureStorage.Abstraction.csproj", "{BC347FFB-11BD-4B7C-B491-AFDBE49B0DEB}"
EndProject
Project("{FAE04EC0-301F-11D3-BF4B-00C04F79EFBC}") = "Nuuvify.CommonPack.AzureStorage", "src\Nuuvify.CommonPack.AzureStorage\Nuuvify.CommonPack.AzureStorage.csproj", "{1FB50BFD-9BB1-4679-A026-EBB418BA0D15}"
EndProject
Project("{FAE04EC0-301F-11D3-BF4B-00C04F79EFBC}") = "Nuuvify.CommonPack.Domain", "src\Nuuvify.CommonPack.Domain\Nuuvify.CommonPack.Domain.csproj", "{49324A8A-191A-4491-BD64-4F65D8B7C7C4}"
EndProject
Project("{FAE04EC0-301F-11D3-BF4B-00C04F79EFBC}") = "Nuuvify.CommonPack.EF.Exceptions.Common", "src\Nuuvify.CommonPack.EF.Exceptions.Common\Nuuvify.CommonPack.EF.Exceptions.Common.csproj", "{1156B5DD-2AA1-4463-8765-C8A686107323}"
EndProject
Project("{FAE04EC0-301F-11D3-BF4B-00C04F79EFBC}") = "Nuuvify.CommonPack.EF.Exceptions.Db2", "src\Nuuvify.CommonPack.EF.Exceptions.Db2\Nuuvify.CommonPack.EF.Exceptions.Db2.csproj", "{90ED48CE-A867-47ED-9737-ED1FFBDEBFBF}"
EndProject
Project("{FAE04EC0-301F-11D3-BF4B-00C04F79EFBC}") = "Nuuvify.CommonPack.EF.Exceptions.Oracle", "src\Nuuvify.CommonPack.EF.Exceptions.Oracle\Nuuvify.CommonPack.EF.Exceptions.Oracle.csproj", "{2E84727F-F8DF-4754-9DCF-4E141E92F974}"
EndProject
Project("{FAE04EC0-301F-11D3-BF4B-00C04F79EFBC}") = "Nuuvify.CommonPack.HealthCheck", "src\Nuuvify.CommonPack.HealthCheck\Nuuvify.CommonPack.HealthCheck.csproj", "{B710FFBF-A963-446C-8FA8-1B2D3A239F44}"
EndProject
Project("{FAE04EC0-301F-11D3-BF4B-00C04F79EFBC}") = "Nuuvify.CommonPack.Middleware.Abstraction", "src\Nuuvify.CommonPack.Middleware.Abstraction\Nuuvify.CommonPack.Middleware.Abstraction.csproj", "{24976A5B-6B45-4B41-8235-401CE3A0738C}"
EndProject
Project("{FAE04EC0-301F-11D3-BF4B-00C04F79EFBC}") = "Nuuvify.CommonPack.Middleware", "src\Nuuvify.CommonPack.Middleware\Nuuvify.CommonPack.Middleware.csproj", "{DEECD663-B5D8-408C-8ED3-385B6108E5BB}"
EndProject
Project("{FAE04EC0-301F-11D3-BF4B-00C04F79EFBC}") = "Nuuvify.CommonPack.NLog", "src\Nuuvify.CommonPack.NLog\Nuuvify.CommonPack.NLog.csproj", "{15478FE3-7E22-488A-8668-E56E7452FB05}"
EndProject
Project("{FAE04EC0-301F-11D3-BF4B-00C04F79EFBC}") = "Nuuvify.CommonPack.OpenApi", "src\Nuuvify.CommonPack.OpenApi\Nuuvify.CommonPack.OpenApi.csproj", "{1C943194-B8F8-4FBB-920F-791DF64B01C1}"
EndProject
Project("{FAE04EC0-301F-11D3-BF4B-00C04F79EFBC}") = "Nuuvify.CommonPack.Security.Abstraction", "src\Nuuvify.CommonPack.Security.Abstraction\Nuuvify.CommonPack.Security.Abstraction.csproj", "{4ACB7257-3504-44F5-9FBC-430DAC92ED1B}"
EndProject
Project("{FAE04EC0-301F-11D3-BF4B-00C04F79EFBC}") = "Nuuvify.CommonPack.Security.JwtCredentials", "src\Nuuvify.CommonPack.Security.JwtCredentials\Nuuvify.CommonPack.Security.JwtCredentials.csproj", "{C5C1C7CD-E8E5-4AD7-9C93-F4AD1D52407F}"
EndProject
Project("{FAE04EC0-301F-11D3-BF4B-00C04F79EFBC}") = "Nuuvify.CommonPack.Security.JwtStore.Ef", "src\Nuuvify.CommonPack.Security.JwtStore.Ef\Nuuvify.CommonPack.Security.JwtStore.Ef.csproj", "{95445AAE-9B7F-498D-9A55-B342678BB2F7}"
EndProject
Project("{FAE04EC0-301F-11D3-BF4B-00C04F79EFBC}") = "Nuuvify.CommonPack.Security", "src\Nuuvify.CommonPack.Security\Nuuvify.CommonPack.Security.csproj", "{791C8585-64D3-4E91-818D-A7726384775F}"
EndProject
Project("{FAE04EC0-301F-11D3-BF4B-00C04F79EFBC}") = "Nuuvify.CommonPack.StandardHttpClient", "src\Nuuvify.CommonPack.StandardHttpClient\Nuuvify.CommonPack.StandardHttpClient.csproj", "{B23205F9-6BA1-4CF1-A5FB-94D36B2DD60C}"
EndProject
Project("{FAE04EC0-301F-11D3-BF4B-00C04F79EFBC}") = "Nuuvify.CommonPack.UnitOfWork.Abstraction", "src\Nuuvify.CommonPack.UnitOfWork.Abstraction\Nuuvify.CommonPack.UnitOfWork.Abstraction.csproj", "{D209DBDC-D2D1-43D7-A425-E117128AD39F}"
EndProject
Project("{FAE04EC0-301F-11D3-BF4B-00C04F79EFBC}") = "Nuuvify.CommonPack.UnitOfWork", "src\Nuuvify.CommonPack.UnitOfWork\Nuuvify.CommonPack.UnitOfWork.csproj", "{4EE047C5-F36C-4209-ACAA-69A2B8A06EBE}"
EndProject
Project("{2150E333-8FDC-42A3-9474-1A3956D46DE8}") = "test", "test", "{0601F6A8-A2A7-4EC3-8329-14FE4FF1A4BE}"
EndProject
Project("{FAE04EC0-301F-11D3-BF4B-00C04F79EFBC}") = "Nuuvify.CommonPack.Domain.xTest", "test\Nuuvify.CommonPack.Domain.xTest\Nuuvify.CommonPack.Domain.xTest.csproj", "{FE4ADA05-7694-41CA-809A-D9E711FA6CE3}"
EndProject
Project("{FAE04EC0-301F-11D3-BF4B-00C04F79EFBC}") = "Nuuvify.CommonPack.Email.xTest", "test\Nuuvify.CommonPack.Email.xTest\Nuuvify.CommonPack.Email.xTest.csproj", "{42004C65-2525-4DB9-98F0-E2FBAC818876}"
EndProject
Project("{FAE04EC0-301F-11D3-BF4B-00C04F79EFBC}") = "Nuuvify.CommonPack.HealthCheck.xTest", "test\Nuuvify.CommonPack.HealthCheck.xTest\Nuuvify.CommonPack.HealthCheck.xTest.csproj", "{8E75A524-A400-485E-818B-7F8D92C066F4}"
EndProject
Project("{FAE04EC0-301F-11D3-BF4B-00C04F79EFBC}") = "Nuuvify.CommonPack.Middleware.xTest", "test\Nuuvify.CommonPack.Middleware.xTest\Nuuvify.CommonPack.Middleware.xTest.csproj", "{2D0EC3AC-E4EC-47F3-9508-FB038F728DF3}"
EndProject
Project("{FAE04EC0-301F-11D3-BF4B-00C04F79EFBC}") = "Nuuvify.CommonPack.Security.xTest", "test\Nuuvify.CommonPack.Security.xTest\Nuuvify.CommonPack.Security.xTest.csproj", "{7D69FD20-850D-4EC7-8EEC-AD4319A6BE47}"
EndProject
Project("{FAE04EC0-301F-11D3-BF4B-00C04F79EFBC}") = "Nuuvify.CommonPack.StandardHttpClient.xTest", "test\Nuuvify.CommonPack.StandardHttpClient.xTest\Nuuvify.CommonPack.StandardHttpClient.xTest.csproj", "{8808492A-558C-4657-899D-950DF068EB7E}"
EndProject
Project("{FAE04EC0-301F-11D3-BF4B-00C04F79EFBC}") = "Nuuvify.CommonPack.UnitOfWork.Oracle.xTest", "test\Nuuvify.CommonPack.UnitOfWork.Oracle.xTest\Nuuvify.CommonPack.UnitOfWork.Oracle.xTest.csproj", "{3BECCABE-CF00-4D74-8779-2D5348BF09F3}"
EndProject
Project("{FAE04EC0-301F-11D3-BF4B-00C04F79EFBC}") = "Nuuvify.CommonPack.UnitOfWork.PostgreSQL.xTest", "test\Nuuvify.CommonPack.UnitOfWork.PostgreSQL.xTest\Nuuvify.CommonPack.UnitOfWork.PostgreSQL.xTest.csproj", "{AAB67F09-961C-4AC9-839F-2046C1660BFA}"
EndProject
Project("{FAE04EC0-301F-11D3-BF4B-00C04F79EFBC}") = "Nuuvify.CommonPack.UnitOfWork.SqlServer.xTest", "test\Nuuvify.CommonPack.UnitOfWork.SqlServer.xTest\Nuuvify.CommonPack.UnitOfWork.SqlServer.xTest.csproj", "{9E87A795-E740-4FE2-A819-F70FC86F40CC}"
EndProject
Project("{FAE04EC0-301F-11D3-BF4B-00C04F79EFBC}") = "Nuuvify.CommonPack.AzureStorage.xTest", "test\Nuuvify.CommonPack.AzureStorage.xTest\Nuuvify.CommonPack.AzureStorage.xTest.csproj", "{3EC2A103-034D-4B88-BB53-4D80643E4723}"
EndProject
Global
	GlobalSection(SolutionConfigurationPlatforms) = preSolution
		Debug|Any CPU = Debug|Any CPU
		Debug|x64 = Debug|x64
		Debug|x86 = Debug|x86
		Release|Any CPU = Release|Any CPU
		Release|x64 = Release|x64
		Release|x86 = Release|x86
	EndGlobalSection
	GlobalSection(SolutionProperties) = preSolution
		HideSolutionNode = FALSE
	EndGlobalSection
	GlobalSection(ProjectConfigurationPlatforms) = postSolution
		{50E00779-5976-4095-A732-A13D51BA1538}.Debug|Any CPU.ActiveCfg = Debug|Any CPU
		{50E00779-5976-4095-A732-A13D51BA1538}.Debug|Any CPU.Build.0 = Debug|Any CPU
		{50E00779-5976-4095-A732-A13D51BA1538}.Debug|x64.ActiveCfg = Debug|Any CPU
		{50E00779-5976-4095-A732-A13D51BA1538}.Debug|x64.Build.0 = Debug|Any CPU
		{50E00779-5976-4095-A732-A13D51BA1538}.Debug|x86.ActiveCfg = Debug|Any CPU
		{50E00779-5976-4095-A732-A13D51BA1538}.Debug|x86.Build.0 = Debug|Any CPU
		{50E00779-5976-4095-A732-A13D51BA1538}.Release|Any CPU.ActiveCfg = Release|Any CPU
		{50E00779-5976-4095-A732-A13D51BA1538}.Release|Any CPU.Build.0 = Release|Any CPU
		{50E00779-5976-4095-A732-A13D51BA1538}.Release|x64.ActiveCfg = Release|Any CPU
		{50E00779-5976-4095-A732-A13D51BA1538}.Release|x64.Build.0 = Release|Any CPU
		{50E00779-5976-4095-A732-A13D51BA1538}.Release|x86.ActiveCfg = Release|Any CPU
		{50E00779-5976-4095-A732-A13D51BA1538}.Release|x86.Build.0 = Release|Any CPU
		{20EF04D1-8BF7-4A4B-8927-CA58AA1291DF}.Debug|Any CPU.ActiveCfg = Debug|Any CPU
		{20EF04D1-8BF7-4A4B-8927-CA58AA1291DF}.Debug|Any CPU.Build.0 = Debug|Any CPU
		{20EF04D1-8BF7-4A4B-8927-CA58AA1291DF}.Debug|x64.ActiveCfg = Debug|Any CPU
		{20EF04D1-8BF7-4A4B-8927-CA58AA1291DF}.Debug|x64.Build.0 = Debug|Any CPU
		{20EF04D1-8BF7-4A4B-8927-CA58AA1291DF}.Debug|x86.ActiveCfg = Debug|Any CPU
		{20EF04D1-8BF7-4A4B-8927-CA58AA1291DF}.Debug|x86.Build.0 = Debug|Any CPU
		{20EF04D1-8BF7-4A4B-8927-CA58AA1291DF}.Release|Any CPU.ActiveCfg = Release|Any CPU
		{20EF04D1-8BF7-4A4B-8927-CA58AA1291DF}.Release|Any CPU.Build.0 = Release|Any CPU
		{20EF04D1-8BF7-4A4B-8927-CA58AA1291DF}.Release|x64.ActiveCfg = Release|Any CPU
		{20EF04D1-8BF7-4A4B-8927-CA58AA1291DF}.Release|x64.Build.0 = Release|Any CPU
		{20EF04D1-8BF7-4A4B-8927-CA58AA1291DF}.Release|x86.ActiveCfg = Release|Any CPU
		{20EF04D1-8BF7-4A4B-8927-CA58AA1291DF}.Release|x86.Build.0 = Release|Any CPU
		{9E847272-3CC4-4EDA-8DC7-440C827F814B}.Debug|Any CPU.ActiveCfg = Debug|Any CPU
		{9E847272-3CC4-4EDA-8DC7-440C827F814B}.Debug|Any CPU.Build.0 = Debug|Any CPU
		{9E847272-3CC4-4EDA-8DC7-440C827F814B}.Debug|x64.ActiveCfg = Debug|Any CPU
		{9E847272-3CC4-4EDA-8DC7-440C827F814B}.Debug|x64.Build.0 = Debug|Any CPU
		{9E847272-3CC4-4EDA-8DC7-440C827F814B}.Debug|x86.ActiveCfg = Debug|Any CPU
		{9E847272-3CC4-4EDA-8DC7-440C827F814B}.Debug|x86.Build.0 = Debug|Any CPU
		{9E847272-3CC4-4EDA-8DC7-440C827F814B}.Release|Any CPU.ActiveCfg = Release|Any CPU
		{9E847272-3CC4-4EDA-8DC7-440C827F814B}.Release|Any CPU.Build.0 = Release|Any CPU
		{9E847272-3CC4-4EDA-8DC7-440C827F814B}.Release|x64.ActiveCfg = Release|Any CPU
		{9E847272-3CC4-4EDA-8DC7-440C827F814B}.Release|x64.Build.0 = Release|Any CPU
		{9E847272-3CC4-4EDA-8DC7-440C827F814B}.Release|x86.ActiveCfg = Release|Any CPU
		{9E847272-3CC4-4EDA-8DC7-440C827F814B}.Release|x86.Build.0 = Release|Any CPU
		{3B4DA551-8DAC-4017-ADBA-B658ED65F1A0}.Debug|Any CPU.ActiveCfg = Debug|Any CPU
		{3B4DA551-8DAC-4017-ADBA-B658ED65F1A0}.Debug|Any CPU.Build.0 = Debug|Any CPU
		{3B4DA551-8DAC-4017-ADBA-B658ED65F1A0}.Debug|x64.ActiveCfg = Debug|Any CPU
		{3B4DA551-8DAC-4017-ADBA-B658ED65F1A0}.Debug|x64.Build.0 = Debug|Any CPU
		{3B4DA551-8DAC-4017-ADBA-B658ED65F1A0}.Debug|x86.ActiveCfg = Debug|Any CPU
		{3B4DA551-8DAC-4017-ADBA-B658ED65F1A0}.Debug|x86.Build.0 = Debug|Any CPU
		{3B4DA551-8DAC-4017-ADBA-B658ED65F1A0}.Release|Any CPU.ActiveCfg = Release|Any CPU
		{3B4DA551-8DAC-4017-ADBA-B658ED65F1A0}.Release|Any CPU.Build.0 = Release|Any CPU
		{3B4DA551-8DAC-4017-ADBA-B658ED65F1A0}.Release|x64.ActiveCfg = Release|Any CPU
		{3B4DA551-8DAC-4017-ADBA-B658ED65F1A0}.Release|x64.Build.0 = Release|Any CPU
		{3B4DA551-8DAC-4017-ADBA-B658ED65F1A0}.Release|x86.ActiveCfg = Release|Any CPU
		{3B4DA551-8DAC-4017-ADBA-B658ED65F1A0}.Release|x86.Build.0 = Release|Any CPU
		{BC347FFB-11BD-4B7C-B491-AFDBE49B0DEB}.Debug|Any CPU.ActiveCfg = Debug|Any CPU
		{BC347FFB-11BD-4B7C-B491-AFDBE49B0DEB}.Debug|Any CPU.Build.0 = Debug|Any CPU
		{BC347FFB-11BD-4B7C-B491-AFDBE49B0DEB}.Debug|x64.ActiveCfg = Debug|Any CPU
		{BC347FFB-11BD-4B7C-B491-AFDBE49B0DEB}.Debug|x64.Build.0 = Debug|Any CPU
		{BC347FFB-11BD-4B7C-B491-AFDBE49B0DEB}.Debug|x86.ActiveCfg = Debug|Any CPU
		{BC347FFB-11BD-4B7C-B491-AFDBE49B0DEB}.Debug|x86.Build.0 = Debug|Any CPU
		{BC347FFB-11BD-4B7C-B491-AFDBE49B0DEB}.Release|Any CPU.ActiveCfg = Release|Any CPU
		{BC347FFB-11BD-4B7C-B491-AFDBE49B0DEB}.Release|Any CPU.Build.0 = Release|Any CPU
		{BC347FFB-11BD-4B7C-B491-AFDBE49B0DEB}.Release|x64.ActiveCfg = Release|Any CPU
		{BC347FFB-11BD-4B7C-B491-AFDBE49B0DEB}.Release|x64.Build.0 = Release|Any CPU
		{BC347FFB-11BD-4B7C-B491-AFDBE49B0DEB}.Release|x86.ActiveCfg = Release|Any CPU
		{BC347FFB-11BD-4B7C-B491-AFDBE49B0DEB}.Release|x86.Build.0 = Release|Any CPU
		{1FB50BFD-9BB1-4679-A026-EBB418BA0D15}.Debug|Any CPU.ActiveCfg = Debug|Any CPU
		{1FB50BFD-9BB1-4679-A026-EBB418BA0D15}.Debug|Any CPU.Build.0 = Debug|Any CPU
		{1FB50BFD-9BB1-4679-A026-EBB418BA0D15}.Debug|x64.ActiveCfg = Debug|Any CPU
		{1FB50BFD-9BB1-4679-A026-EBB418BA0D15}.Debug|x64.Build.0 = Debug|Any CPU
		{1FB50BFD-9BB1-4679-A026-EBB418BA0D15}.Debug|x86.ActiveCfg = Debug|Any CPU
		{1FB50BFD-9BB1-4679-A026-EBB418BA0D15}.Debug|x86.Build.0 = Debug|Any CPU
		{1FB50BFD-9BB1-4679-A026-EBB418BA0D15}.Release|Any CPU.ActiveCfg = Release|Any CPU
		{1FB50BFD-9BB1-4679-A026-EBB418BA0D15}.Release|Any CPU.Build.0 = Release|Any CPU
		{1FB50BFD-9BB1-4679-A026-EBB418BA0D15}.Release|x64.ActiveCfg = Release|Any CPU
		{1FB50BFD-9BB1-4679-A026-EBB418BA0D15}.Release|x64.Build.0 = Release|Any CPU
		{1FB50BFD-9BB1-4679-A026-EBB418BA0D15}.Release|x86.ActiveCfg = Release|Any CPU
		{1FB50BFD-9BB1-4679-A026-EBB418BA0D15}.Release|x86.Build.0 = Release|Any CPU
		{49324A8A-191A-4491-BD64-4F65D8B7C7C4}.Debug|Any CPU.ActiveCfg = Debug|Any CPU
		{49324A8A-191A-4491-BD64-4F65D8B7C7C4}.Debug|Any CPU.Build.0 = Debug|Any CPU
		{49324A8A-191A-4491-BD64-4F65D8B7C7C4}.Debug|x64.ActiveCfg = Debug|Any CPU
		{49324A8A-191A-4491-BD64-4F65D8B7C7C4}.Debug|x64.Build.0 = Debug|Any CPU
		{49324A8A-191A-4491-BD64-4F65D8B7C7C4}.Debug|x86.ActiveCfg = Debug|Any CPU
		{49324A8A-191A-4491-BD64-4F65D8B7C7C4}.Debug|x86.Build.0 = Debug|Any CPU
		{49324A8A-191A-4491-BD64-4F65D8B7C7C4}.Release|Any CPU.ActiveCfg = Release|Any CPU
		{49324A8A-191A-4491-BD64-4F65D8B7C7C4}.Release|Any CPU.Build.0 = Release|Any CPU
		{49324A8A-191A-4491-BD64-4F65D8B7C7C4}.Release|x64.ActiveCfg = Release|Any CPU
		{49324A8A-191A-4491-BD64-4F65D8B7C7C4}.Release|x64.Build.0 = Release|Any CPU
		{49324A8A-191A-4491-BD64-4F65D8B7C7C4}.Release|x86.ActiveCfg = Release|Any CPU
		{49324A8A-191A-4491-BD64-4F65D8B7C7C4}.Release|x86.Build.0 = Release|Any CPU
		{1156B5DD-2AA1-4463-8765-C8A686107323}.Debug|Any CPU.ActiveCfg = Debug|Any CPU
		{1156B5DD-2AA1-4463-8765-C8A686107323}.Debug|Any CPU.Build.0 = Debug|Any CPU
		{1156B5DD-2AA1-4463-8765-C8A686107323}.Debug|x64.ActiveCfg = Debug|Any CPU
		{1156B5DD-2AA1-4463-8765-C8A686107323}.Debug|x64.Build.0 = Debug|Any CPU
		{1156B5DD-2AA1-4463-8765-C8A686107323}.Debug|x86.ActiveCfg = Debug|Any CPU
		{1156B5DD-2AA1-4463-8765-C8A686107323}.Debug|x86.Build.0 = Debug|Any CPU
		{1156B5DD-2AA1-4463-8765-C8A686107323}.Release|Any CPU.ActiveCfg = Release|Any CPU
		{1156B5DD-2AA1-4463-8765-C8A686107323}.Release|Any CPU.Build.0 = Release|Any CPU
		{1156B5DD-2AA1-4463-8765-C8A686107323}.Release|x64.ActiveCfg = Release|Any CPU
		{1156B5DD-2AA1-4463-8765-C8A686107323}.Release|x64.Build.0 = Release|Any CPU
		{1156B5DD-2AA1-4463-8765-C8A686107323}.Release|x86.ActiveCfg = Release|Any CPU
		{1156B5DD-2AA1-4463-8765-C8A686107323}.Release|x86.Build.0 = Release|Any CPU
		{90ED48CE-A867-47ED-9737-ED1FFBDEBFBF}.Debug|Any CPU.ActiveCfg = Debug|Any CPU
		{90ED48CE-A867-47ED-9737-ED1FFBDEBFBF}.Debug|Any CPU.Build.0 = Debug|Any CPU
		{90ED48CE-A867-47ED-9737-ED1FFBDEBFBF}.Debug|x64.ActiveCfg = Debug|Any CPU
		{90ED48CE-A867-47ED-9737-ED1FFBDEBFBF}.Debug|x64.Build.0 = Debug|Any CPU
		{90ED48CE-A867-47ED-9737-ED1FFBDEBFBF}.Debug|x86.ActiveCfg = Debug|Any CPU
		{90ED48CE-A867-47ED-9737-ED1FFBDEBFBF}.Debug|x86.Build.0 = Debug|Any CPU
		{90ED48CE-A867-47ED-9737-ED1FFBDEBFBF}.Release|Any CPU.ActiveCfg = Release|Any CPU
		{90ED48CE-A867-47ED-9737-ED1FFBDEBFBF}.Release|Any CPU.Build.0 = Release|Any CPU
		{90ED48CE-A867-47ED-9737-ED1FFBDEBFBF}.Release|x64.ActiveCfg = Release|Any CPU
		{90ED48CE-A867-47ED-9737-ED1FFBDEBFBF}.Release|x64.Build.0 = Release|Any CPU
		{90ED48CE-A867-47ED-9737-ED1FFBDEBFBF}.Release|x86.ActiveCfg = Release|Any CPU
		{90ED48CE-A867-47ED-9737-ED1FFBDEBFBF}.Release|x86.Build.0 = Release|Any CPU
		{2E84727F-F8DF-4754-9DCF-4E141E92F974}.Debug|Any CPU.ActiveCfg = Debug|Any CPU
		{2E84727F-F8DF-4754-9DCF-4E141E92F974}.Debug|Any CPU.Build.0 = Debug|Any CPU
		{2E84727F-F8DF-4754-9DCF-4E141E92F974}.Debug|x64.ActiveCfg = Debug|Any CPU
		{2E84727F-F8DF-4754-9DCF-4E141E92F974}.Debug|x64.Build.0 = Debug|Any CPU
		{2E84727F-F8DF-4754-9DCF-4E141E92F974}.Debug|x86.ActiveCfg = Debug|Any CPU
		{2E84727F-F8DF-4754-9DCF-4E141E92F974}.Debug|x86.Build.0 = Debug|Any CPU
		{2E84727F-F8DF-4754-9DCF-4E141E92F974}.Release|Any CPU.ActiveCfg = Release|Any CPU
		{2E84727F-F8DF-4754-9DCF-4E141E92F974}.Release|Any CPU.Build.0 = Release|Any CPU
		{2E84727F-F8DF-4754-9DCF-4E141E92F974}.Release|x64.ActiveCfg = Release|Any CPU
		{2E84727F-F8DF-4754-9DCF-4E141E92F974}.Release|x64.Build.0 = Release|Any CPU
		{2E84727F-F8DF-4754-9DCF-4E141E92F974}.Release|x86.ActiveCfg = Release|Any CPU
		{2E84727F-F8DF-4754-9DCF-4E141E92F974}.Release|x86.Build.0 = Release|Any CPU
		{B710FFBF-A963-446C-8FA8-1B2D3A239F44}.Debug|Any CPU.ActiveCfg = Debug|Any CPU
		{B710FFBF-A963-446C-8FA8-1B2D3A239F44}.Debug|Any CPU.Build.0 = Debug|Any CPU
		{B710FFBF-A963-446C-8FA8-1B2D3A239F44}.Debug|x64.ActiveCfg = Debug|Any CPU
		{B710FFBF-A963-446C-8FA8-1B2D3A239F44}.Debug|x64.Build.0 = Debug|Any CPU
		{B710FFBF-A963-446C-8FA8-1B2D3A239F44}.Debug|x86.ActiveCfg = Debug|Any CPU
		{B710FFBF-A963-446C-8FA8-1B2D3A239F44}.Debug|x86.Build.0 = Debug|Any CPU
		{B710FFBF-A963-446C-8FA8-1B2D3A239F44}.Release|Any CPU.ActiveCfg = Release|Any CPU
		{B710FFBF-A963-446C-8FA8-1B2D3A239F44}.Release|Any CPU.Build.0 = Release|Any CPU
		{B710FFBF-A963-446C-8FA8-1B2D3A239F44}.Release|x64.ActiveCfg = Release|Any CPU
		{B710FFBF-A963-446C-8FA8-1B2D3A239F44}.Release|x64.Build.0 = Release|Any CPU
		{B710FFBF-A963-446C-8FA8-1B2D3A239F44}.Release|x86.ActiveCfg = Release|Any CPU
		{B710FFBF-A963-446C-8FA8-1B2D3A239F44}.Release|x86.Build.0 = Release|Any CPU
		{24976A5B-6B45-4B41-8235-401CE3A0738C}.Debug|Any CPU.ActiveCfg = Debug|Any CPU
		{24976A5B-6B45-4B41-8235-401CE3A0738C}.Debug|Any CPU.Build.0 = Debug|Any CPU
		{24976A5B-6B45-4B41-8235-401CE3A0738C}.Debug|x64.ActiveCfg = Debug|Any CPU
		{24976A5B-6B45-4B41-8235-401CE3A0738C}.Debug|x64.Build.0 = Debug|Any CPU
		{24976A5B-6B45-4B41-8235-401CE3A0738C}.Debug|x86.ActiveCfg = Debug|Any CPU
		{24976A5B-6B45-4B41-8235-401CE3A0738C}.Debug|x86.Build.0 = Debug|Any CPU
		{24976A5B-6B45-4B41-8235-401CE3A0738C}.Release|Any CPU.ActiveCfg = Release|Any CPU
		{24976A5B-6B45-4B41-8235-401CE3A0738C}.Release|Any CPU.Build.0 = Release|Any CPU
		{24976A5B-6B45-4B41-8235-401CE3A0738C}.Release|x64.ActiveCfg = Release|Any CPU
		{24976A5B-6B45-4B41-8235-401CE3A0738C}.Release|x64.Build.0 = Release|Any CPU
		{24976A5B-6B45-4B41-8235-401CE3A0738C}.Release|x86.ActiveCfg = Release|Any CPU
		{24976A5B-6B45-4B41-8235-401CE3A0738C}.Release|x86.Build.0 = Release|Any CPU
		{DEECD663-B5D8-408C-8ED3-385B6108E5BB}.Debug|Any CPU.ActiveCfg = Debug|Any CPU
		{DEECD663-B5D8-408C-8ED3-385B6108E5BB}.Debug|Any CPU.Build.0 = Debug|Any CPU
		{DEECD663-B5D8-408C-8ED3-385B6108E5BB}.Debug|x64.ActiveCfg = Debug|Any CPU
		{DEECD663-B5D8-408C-8ED3-385B6108E5BB}.Debug|x64.Build.0 = Debug|Any CPU
		{DEECD663-B5D8-408C-8ED3-385B6108E5BB}.Debug|x86.ActiveCfg = Debug|Any CPU
		{DEECD663-B5D8-408C-8ED3-385B6108E5BB}.Debug|x86.Build.0 = Debug|Any CPU
		{DEECD663-B5D8-408C-8ED3-385B6108E5BB}.Release|Any CPU.ActiveCfg = Release|Any CPU
		{DEECD663-B5D8-408C-8ED3-385B6108E5BB}.Release|Any CPU.Build.0 = Release|Any CPU
		{DEECD663-B5D8-408C-8ED3-385B6108E5BB}.Release|x64.ActiveCfg = Release|Any CPU
		{DEECD663-B5D8-408C-8ED3-385B6108E5BB}.Release|x64.Build.0 = Release|Any CPU
		{DEECD663-B5D8-408C-8ED3-385B6108E5BB}.Release|x86.ActiveCfg = Release|Any CPU
		{DEECD663-B5D8-408C-8ED3-385B6108E5BB}.Release|x86.Build.0 = Release|Any CPU
		{15478FE3-7E22-488A-8668-E56E7452FB05}.Debug|Any CPU.ActiveCfg = Debug|Any CPU
		{15478FE3-7E22-488A-8668-E56E7452FB05}.Debug|Any CPU.Build.0 = Debug|Any CPU
		{15478FE3-7E22-488A-8668-E56E7452FB05}.Debug|x64.ActiveCfg = Debug|Any CPU
		{15478FE3-7E22-488A-8668-E56E7452FB05}.Debug|x64.Build.0 = Debug|Any CPU
		{15478FE3-7E22-488A-8668-E56E7452FB05}.Debug|x86.ActiveCfg = Debug|Any CPU
		{15478FE3-7E22-488A-8668-E56E7452FB05}.Debug|x86.Build.0 = Debug|Any CPU
		{15478FE3-7E22-488A-8668-E56E7452FB05}.Release|Any CPU.ActiveCfg = Release|Any CPU
		{15478FE3-7E22-488A-8668-E56E7452FB05}.Release|Any CPU.Build.0 = Release|Any CPU
		{15478FE3-7E22-488A-8668-E56E7452FB05}.Release|x64.ActiveCfg = Release|Any CPU
		{15478FE3-7E22-488A-8668-E56E7452FB05}.Release|x64.Build.0 = Release|Any CPU
		{15478FE3-7E22-488A-8668-E56E7452FB05}.Release|x86.ActiveCfg = Release|Any CPU
		{15478FE3-7E22-488A-8668-E56E7452FB05}.Release|x86.Build.0 = Release|Any CPU
		{1C943194-B8F8-4FBB-920F-791DF64B01C1}.Debug|Any CPU.ActiveCfg = Debug|Any CPU
		{1C943194-B8F8-4FBB-920F-791DF64B01C1}.Debug|Any CPU.Build.0 = Debug|Any CPU
		{1C943194-B8F8-4FBB-920F-791DF64B01C1}.Debug|x64.ActiveCfg = Debug|Any CPU
		{1C943194-B8F8-4FBB-920F-791DF64B01C1}.Debug|x64.Build.0 = Debug|Any CPU
		{1C943194-B8F8-4FBB-920F-791DF64B01C1}.Debug|x86.ActiveCfg = Debug|Any CPU
		{1C943194-B8F8-4FBB-920F-791DF64B01C1}.Debug|x86.Build.0 = Debug|Any CPU
		{1C943194-B8F8-4FBB-920F-791DF64B01C1}.Release|Any CPU.ActiveCfg = Release|Any CPU
		{1C943194-B8F8-4FBB-920F-791DF64B01C1}.Release|Any CPU.Build.0 = Release|Any CPU
		{1C943194-B8F8-4FBB-920F-791DF64B01C1}.Release|x64.ActiveCfg = Release|Any CPU
		{1C943194-B8F8-4FBB-920F-791DF64B01C1}.Release|x64.Build.0 = Release|Any CPU
		{1C943194-B8F8-4FBB-920F-791DF64B01C1}.Release|x86.ActiveCfg = Release|Any CPU
		{1C943194-B8F8-4FBB-920F-791DF64B01C1}.Release|x86.Build.0 = Release|Any CPU
		{4ACB7257-3504-44F5-9FBC-430DAC92ED1B}.Debug|Any CPU.ActiveCfg = Debug|Any CPU
		{4ACB7257-3504-44F5-9FBC-430DAC92ED1B}.Debug|Any CPU.Build.0 = Debug|Any CPU
		{4ACB7257-3504-44F5-9FBC-430DAC92ED1B}.Debug|x64.ActiveCfg = Debug|Any CPU
		{4ACB7257-3504-44F5-9FBC-430DAC92ED1B}.Debug|x64.Build.0 = Debug|Any CPU
		{4ACB7257-3504-44F5-9FBC-430DAC92ED1B}.Debug|x86.ActiveCfg = Debug|Any CPU
		{4ACB7257-3504-44F5-9FBC-430DAC92ED1B}.Debug|x86.Build.0 = Debug|Any CPU
		{4ACB7257-3504-44F5-9FBC-430DAC92ED1B}.Release|Any CPU.ActiveCfg = Release|Any CPU
		{4ACB7257-3504-44F5-9FBC-430DAC92ED1B}.Release|Any CPU.Build.0 = Release|Any CPU
		{4ACB7257-3504-44F5-9FBC-430DAC92ED1B}.Release|x64.ActiveCfg = Release|Any CPU
		{4ACB7257-3504-44F5-9FBC-430DAC92ED1B}.Release|x64.Build.0 = Release|Any CPU
		{4ACB7257-3504-44F5-9FBC-430DAC92ED1B}.Release|x86.ActiveCfg = Release|Any CPU
		{4ACB7257-3504-44F5-9FBC-430DAC92ED1B}.Release|x86.Build.0 = Release|Any CPU
		{C5C1C7CD-E8E5-4AD7-9C93-F4AD1D52407F}.Debug|Any CPU.ActiveCfg = Debug|Any CPU
		{C5C1C7CD-E8E5-4AD7-9C93-F4AD1D52407F}.Debug|Any CPU.Build.0 = Debug|Any CPU
		{C5C1C7CD-E8E5-4AD7-9C93-F4AD1D52407F}.Debug|x64.ActiveCfg = Debug|Any CPU
		{C5C1C7CD-E8E5-4AD7-9C93-F4AD1D52407F}.Debug|x64.Build.0 = Debug|Any CPU
		{C5C1C7CD-E8E5-4AD7-9C93-F4AD1D52407F}.Debug|x86.ActiveCfg = Debug|Any CPU
		{C5C1C7CD-E8E5-4AD7-9C93-F4AD1D52407F}.Debug|x86.Build.0 = Debug|Any CPU
		{C5C1C7CD-E8E5-4AD7-9C93-F4AD1D52407F}.Release|Any CPU.ActiveCfg = Release|Any CPU
		{C5C1C7CD-E8E5-4AD7-9C93-F4AD1D52407F}.Release|Any CPU.Build.0 = Release|Any CPU
		{C5C1C7CD-E8E5-4AD7-9C93-F4AD1D52407F}.Release|x64.ActiveCfg = Release|Any CPU
		{C5C1C7CD-E8E5-4AD7-9C93-F4AD1D52407F}.Release|x64.Build.0 = Release|Any CPU
		{C5C1C7CD-E8E5-4AD7-9C93-F4AD1D52407F}.Release|x86.ActiveCfg = Release|Any CPU
		{C5C1C7CD-E8E5-4AD7-9C93-F4AD1D52407F}.Release|x86.Build.0 = Release|Any CPU
		{95445AAE-9B7F-498D-9A55-B342678BB2F7}.Debug|Any CPU.ActiveCfg = Debug|Any CPU
		{95445AAE-9B7F-498D-9A55-B342678BB2F7}.Debug|Any CPU.Build.0 = Debug|Any CPU
		{95445AAE-9B7F-498D-9A55-B342678BB2F7}.Debug|x64.ActiveCfg = Debug|Any CPU
		{95445AAE-9B7F-498D-9A55-B342678BB2F7}.Debug|x64.Build.0 = Debug|Any CPU
		{95445AAE-9B7F-498D-9A55-B342678BB2F7}.Debug|x86.ActiveCfg = Debug|Any CPU
		{95445AAE-9B7F-498D-9A55-B342678BB2F7}.Debug|x86.Build.0 = Debug|Any CPU
		{95445AAE-9B7F-498D-9A55-B342678BB2F7}.Release|Any CPU.ActiveCfg = Release|Any CPU
		{95445AAE-9B7F-498D-9A55-B342678BB2F7}.Release|Any CPU.Build.0 = Release|Any CPU
		{95445AAE-9B7F-498D-9A55-B342678BB2F7}.Release|x64.ActiveCfg = Release|Any CPU
		{95445AAE-9B7F-498D-9A55-B342678BB2F7}.Release|x64.Build.0 = Release|Any CPU
		{95445AAE-9B7F-498D-9A55-B342678BB2F7}.Release|x86.ActiveCfg = Release|Any CPU
		{95445AAE-9B7F-498D-9A55-B342678BB2F7}.Release|x86.Build.0 = Release|Any CPU
		{791C8585-64D3-4E91-818D-A7726384775F}.Debug|Any CPU.ActiveCfg = Debug|Any CPU
		{791C8585-64D3-4E91-818D-A7726384775F}.Debug|Any CPU.Build.0 = Debug|Any CPU
		{791C8585-64D3-4E91-818D-A7726384775F}.Debug|x64.ActiveCfg = Debug|Any CPU
		{791C8585-64D3-4E91-818D-A7726384775F}.Debug|x64.Build.0 = Debug|Any CPU
		{791C8585-64D3-4E91-818D-A7726384775F}.Debug|x86.ActiveCfg = Debug|Any CPU
		{791C8585-64D3-4E91-818D-A7726384775F}.Debug|x86.Build.0 = Debug|Any CPU
		{791C8585-64D3-4E91-818D-A7726384775F}.Release|Any CPU.ActiveCfg = Release|Any CPU
		{791C8585-64D3-4E91-818D-A7726384775F}.Release|Any CPU.Build.0 = Release|Any CPU
		{791C8585-64D3-4E91-818D-A7726384775F}.Release|x64.ActiveCfg = Release|Any CPU
		{791C8585-64D3-4E91-818D-A7726384775F}.Release|x64.Build.0 = Release|Any CPU
		{791C8585-64D3-4E91-818D-A7726384775F}.Release|x86.ActiveCfg = Release|Any CPU
		{791C8585-64D3-4E91-818D-A7726384775F}.Release|x86.Build.0 = Release|Any CPU
		{B23205F9-6BA1-4CF1-A5FB-94D36B2DD60C}.Debug|Any CPU.ActiveCfg = Debug|Any CPU
		{B23205F9-6BA1-4CF1-A5FB-94D36B2DD60C}.Debug|Any CPU.Build.0 = Debug|Any CPU
		{B23205F9-6BA1-4CF1-A5FB-94D36B2DD60C}.Debug|x64.ActiveCfg = Debug|Any CPU
		{B23205F9-6BA1-4CF1-A5FB-94D36B2DD60C}.Debug|x64.Build.0 = Debug|Any CPU
		{B23205F9-6BA1-4CF1-A5FB-94D36B2DD60C}.Debug|x86.ActiveCfg = Debug|Any CPU
		{B23205F9-6BA1-4CF1-A5FB-94D36B2DD60C}.Debug|x86.Build.0 = Debug|Any CPU
		{B23205F9-6BA1-4CF1-A5FB-94D36B2DD60C}.Release|Any CPU.ActiveCfg = Release|Any CPU
		{B23205F9-6BA1-4CF1-A5FB-94D36B2DD60C}.Release|Any CPU.Build.0 = Release|Any CPU
		{B23205F9-6BA1-4CF1-A5FB-94D36B2DD60C}.Release|x64.ActiveCfg = Release|Any CPU
		{B23205F9-6BA1-4CF1-A5FB-94D36B2DD60C}.Release|x64.Build.0 = Release|Any CPU
		{B23205F9-6BA1-4CF1-A5FB-94D36B2DD60C}.Release|x86.ActiveCfg = Release|Any CPU
		{B23205F9-6BA1-4CF1-A5FB-94D36B2DD60C}.Release|x86.Build.0 = Release|Any CPU
		{D209DBDC-D2D1-43D7-A425-E117128AD39F}.Debug|Any CPU.ActiveCfg = Debug|Any CPU
		{D209DBDC-D2D1-43D7-A425-E117128AD39F}.Debug|Any CPU.Build.0 = Debug|Any CPU
		{D209DBDC-D2D1-43D7-A425-E117128AD39F}.Debug|x64.ActiveCfg = Debug|Any CPU
		{D209DBDC-D2D1-43D7-A425-E117128AD39F}.Debug|x64.Build.0 = Debug|Any CPU
		{D209DBDC-D2D1-43D7-A425-E117128AD39F}.Debug|x86.ActiveCfg = Debug|Any CPU
		{D209DBDC-D2D1-43D7-A425-E117128AD39F}.Debug|x86.Build.0 = Debug|Any CPU
		{D209DBDC-D2D1-43D7-A425-E117128AD39F}.Release|Any CPU.ActiveCfg = Release|Any CPU
		{D209DBDC-D2D1-43D7-A425-E117128AD39F}.Release|Any CPU.Build.0 = Release|Any CPU
		{D209DBDC-D2D1-43D7-A425-E117128AD39F}.Release|x64.ActiveCfg = Release|Any CPU
		{D209DBDC-D2D1-43D7-A425-E117128AD39F}.Release|x64.Build.0 = Release|Any CPU
		{D209DBDC-D2D1-43D7-A425-E117128AD39F}.Release|x86.ActiveCfg = Release|Any CPU
		{D209DBDC-D2D1-43D7-A425-E117128AD39F}.Release|x86.Build.0 = Release|Any CPU
		{4EE047C5-F36C-4209-ACAA-69A2B8A06EBE}.Debug|Any CPU.ActiveCfg = Debug|Any CPU
		{4EE047C5-F36C-4209-ACAA-69A2B8A06EBE}.Debug|Any CPU.Build.0 = Debug|Any CPU
		{4EE047C5-F36C-4209-ACAA-69A2B8A06EBE}.Debug|x64.ActiveCfg = Debug|Any CPU
		{4EE047C5-F36C-4209-ACAA-69A2B8A06EBE}.Debug|x64.Build.0 = Debug|Any CPU
		{4EE047C5-F36C-4209-ACAA-69A2B8A06EBE}.Debug|x86.ActiveCfg = Debug|Any CPU
		{4EE047C5-F36C-4209-ACAA-69A2B8A06EBE}.Debug|x86.Build.0 = Debug|Any CPU
		{4EE047C5-F36C-4209-ACAA-69A2B8A06EBE}.Release|Any CPU.ActiveCfg = Release|Any CPU
		{4EE047C5-F36C-4209-ACAA-69A2B8A06EBE}.Release|Any CPU.Build.0 = Release|Any CPU
		{4EE047C5-F36C-4209-ACAA-69A2B8A06EBE}.Release|x64.ActiveCfg = Release|Any CPU
		{4EE047C5-F36C-4209-ACAA-69A2B8A06EBE}.Release|x64.Build.0 = Release|Any CPU
		{4EE047C5-F36C-4209-ACAA-69A2B8A06EBE}.Release|x86.ActiveCfg = Release|Any CPU
		{4EE047C5-F36C-4209-ACAA-69A2B8A06EBE}.Release|x86.Build.0 = Release|Any CPU
		{FE4ADA05-7694-41CA-809A-D9E711FA6CE3}.Debug|Any CPU.ActiveCfg = Debug|Any CPU
		{FE4ADA05-7694-41CA-809A-D9E711FA6CE3}.Debug|Any CPU.Build.0 = Debug|Any CPU
		{FE4ADA05-7694-41CA-809A-D9E711FA6CE3}.Debug|x64.ActiveCfg = Debug|Any CPU
		{FE4ADA05-7694-41CA-809A-D9E711FA6CE3}.Debug|x64.Build.0 = Debug|Any CPU
		{FE4ADA05-7694-41CA-809A-D9E711FA6CE3}.Debug|x86.ActiveCfg = Debug|Any CPU
		{FE4ADA05-7694-41CA-809A-D9E711FA6CE3}.Debug|x86.Build.0 = Debug|Any CPU
		{FE4ADA05-7694-41CA-809A-D9E711FA6CE3}.Release|Any CPU.ActiveCfg = Release|Any CPU
		{FE4ADA05-7694-41CA-809A-D9E711FA6CE3}.Release|Any CPU.Build.0 = Release|Any CPU
		{FE4ADA05-7694-41CA-809A-D9E711FA6CE3}.Release|x64.ActiveCfg = Release|Any CPU
		{FE4ADA05-7694-41CA-809A-D9E711FA6CE3}.Release|x64.Build.0 = Release|Any CPU
		{FE4ADA05-7694-41CA-809A-D9E711FA6CE3}.Release|x86.ActiveCfg = Release|Any CPU
		{FE4ADA05-7694-41CA-809A-D9E711FA6CE3}.Release|x86.Build.0 = Release|Any CPU
		{42004C65-2525-4DB9-98F0-E2FBAC818876}.Debug|Any CPU.ActiveCfg = Debug|Any CPU
		{42004C65-2525-4DB9-98F0-E2FBAC818876}.Debug|Any CPU.Build.0 = Debug|Any CPU
		{42004C65-2525-4DB9-98F0-E2FBAC818876}.Debug|x64.ActiveCfg = Debug|Any CPU
		{42004C65-2525-4DB9-98F0-E2FBAC818876}.Debug|x64.Build.0 = Debug|Any CPU
		{42004C65-2525-4DB9-98F0-E2FBAC818876}.Debug|x86.ActiveCfg = Debug|Any CPU
		{42004C65-2525-4DB9-98F0-E2FBAC818876}.Debug|x86.Build.0 = Debug|Any CPU
		{42004C65-2525-4DB9-98F0-E2FBAC818876}.Release|Any CPU.ActiveCfg = Release|Any CPU
		{42004C65-2525-4DB9-98F0-E2FBAC818876}.Release|Any CPU.Build.0 = Release|Any CPU
		{42004C65-2525-4DB9-98F0-E2FBAC818876}.Release|x64.ActiveCfg = Release|Any CPU
		{42004C65-2525-4DB9-98F0-E2FBAC818876}.Release|x64.Build.0 = Release|Any CPU
		{42004C65-2525-4DB9-98F0-E2FBAC818876}.Release|x86.ActiveCfg = Release|Any CPU
		{42004C65-2525-4DB9-98F0-E2FBAC818876}.Release|x86.Build.0 = Release|Any CPU
		{8E75A524-A400-485E-818B-7F8D92C066F4}.Debug|Any CPU.ActiveCfg = Debug|Any CPU
		{8E75A524-A400-485E-818B-7F8D92C066F4}.Debug|Any CPU.Build.0 = Debug|Any CPU
		{8E75A524-A400-485E-818B-7F8D92C066F4}.Debug|x64.ActiveCfg = Debug|Any CPU
		{8E75A524-A400-485E-818B-7F8D92C066F4}.Debug|x64.Build.0 = Debug|Any CPU
		{8E75A524-A400-485E-818B-7F8D92C066F4}.Debug|x86.ActiveCfg = Debug|Any CPU
		{8E75A524-A400-485E-818B-7F8D92C066F4}.Debug|x86.Build.0 = Debug|Any CPU
		{8E75A524-A400-485E-818B-7F8D92C066F4}.Release|Any CPU.ActiveCfg = Release|Any CPU
		{8E75A524-A400-485E-818B-7F8D92C066F4}.Release|Any CPU.Build.0 = Release|Any CPU
		{8E75A524-A400-485E-818B-7F8D92C066F4}.Release|x64.ActiveCfg = Release|Any CPU
		{8E75A524-A400-485E-818B-7F8D92C066F4}.Release|x64.Build.0 = Release|Any CPU
		{8E75A524-A400-485E-818B-7F8D92C066F4}.Release|x86.ActiveCfg = Release|Any CPU
		{8E75A524-A400-485E-818B-7F8D92C066F4}.Release|x86.Build.0 = Release|Any CPU
		{2D0EC3AC-E4EC-47F3-9508-FB038F728DF3}.Debug|Any CPU.ActiveCfg = Debug|Any CPU
		{2D0EC3AC-E4EC-47F3-9508-FB038F728DF3}.Debug|Any CPU.Build.0 = Debug|Any CPU
		{2D0EC3AC-E4EC-47F3-9508-FB038F728DF3}.Debug|x64.ActiveCfg = Debug|Any CPU
		{2D0EC3AC-E4EC-47F3-9508-FB038F728DF3}.Debug|x64.Build.0 = Debug|Any CPU
		{2D0EC3AC-E4EC-47F3-9508-FB038F728DF3}.Debug|x86.ActiveCfg = Debug|Any CPU
		{2D0EC3AC-E4EC-47F3-9508-FB038F728DF3}.Debug|x86.Build.0 = Debug|Any CPU
		{2D0EC3AC-E4EC-47F3-9508-FB038F728DF3}.Release|Any CPU.ActiveCfg = Release|Any CPU
		{2D0EC3AC-E4EC-47F3-9508-FB038F728DF3}.Release|Any CPU.Build.0 = Release|Any CPU
		{2D0EC3AC-E4EC-47F3-9508-FB038F728DF3}.Release|x64.ActiveCfg = Release|Any CPU
		{2D0EC3AC-E4EC-47F3-9508-FB038F728DF3}.Release|x64.Build.0 = Release|Any CPU
		{2D0EC3AC-E4EC-47F3-9508-FB038F728DF3}.Release|x86.ActiveCfg = Release|Any CPU
		{2D0EC3AC-E4EC-47F3-9508-FB038F728DF3}.Release|x86.Build.0 = Release|Any CPU
		{7D69FD20-850D-4EC7-8EEC-AD4319A6BE47}.Debug|Any CPU.ActiveCfg = Debug|Any CPU
		{7D69FD20-850D-4EC7-8EEC-AD4319A6BE47}.Debug|Any CPU.Build.0 = Debug|Any CPU
		{7D69FD20-850D-4EC7-8EEC-AD4319A6BE47}.Debug|x64.ActiveCfg = Debug|Any CPU
		{7D69FD20-850D-4EC7-8EEC-AD4319A6BE47}.Debug|x64.Build.0 = Debug|Any CPU
		{7D69FD20-850D-4EC7-8EEC-AD4319A6BE47}.Debug|x86.ActiveCfg = Debug|Any CPU
		{7D69FD20-850D-4EC7-8EEC-AD4319A6BE47}.Debug|x86.Build.0 = Debug|Any CPU
		{7D69FD20-850D-4EC7-8EEC-AD4319A6BE47}.Release|Any CPU.ActiveCfg = Release|Any CPU
		{7D69FD20-850D-4EC7-8EEC-AD4319A6BE47}.Release|Any CPU.Build.0 = Release|Any CPU
		{7D69FD20-850D-4EC7-8EEC-AD4319A6BE47}.Release|x64.ActiveCfg = Release|Any CPU
		{7D69FD20-850D-4EC7-8EEC-AD4319A6BE47}.Release|x64.Build.0 = Release|Any CPU
		{7D69FD20-850D-4EC7-8EEC-AD4319A6BE47}.Release|x86.ActiveCfg = Release|Any CPU
		{7D69FD20-850D-4EC7-8EEC-AD4319A6BE47}.Release|x86.Build.0 = Release|Any CPU
		{8808492A-558C-4657-899D-950DF068EB7E}.Debug|Any CPU.ActiveCfg = Debug|Any CPU
		{8808492A-558C-4657-899D-950DF068EB7E}.Debug|Any CPU.Build.0 = Debug|Any CPU
		{8808492A-558C-4657-899D-950DF068EB7E}.Debug|x64.ActiveCfg = Debug|Any CPU
		{8808492A-558C-4657-899D-950DF068EB7E}.Debug|x64.Build.0 = Debug|Any CPU
		{8808492A-558C-4657-899D-950DF068EB7E}.Debug|x86.ActiveCfg = Debug|Any CPU
		{8808492A-558C-4657-899D-950DF068EB7E}.Debug|x86.Build.0 = Debug|Any CPU
		{8808492A-558C-4657-899D-950DF068EB7E}.Release|Any CPU.ActiveCfg = Release|Any CPU
		{8808492A-558C-4657-899D-950DF068EB7E}.Release|Any CPU.Build.0 = Release|Any CPU
		{8808492A-558C-4657-899D-950DF068EB7E}.Release|x64.ActiveCfg = Release|Any CPU
		{8808492A-558C-4657-899D-950DF068EB7E}.Release|x64.Build.0 = Release|Any CPU
		{8808492A-558C-4657-899D-950DF068EB7E}.Release|x86.ActiveCfg = Release|Any CPU
		{8808492A-558C-4657-899D-950DF068EB7E}.Release|x86.Build.0 = Release|Any CPU
		{3BECCABE-CF00-4D74-8779-2D5348BF09F3}.Debug|Any CPU.ActiveCfg = Debug|Any CPU
		{3BECCABE-CF00-4D74-8779-2D5348BF09F3}.Debug|Any CPU.Build.0 = Debug|Any CPU
		{3BECCABE-CF00-4D74-8779-2D5348BF09F3}.Debug|x64.ActiveCfg = Debug|Any CPU
		{3BECCABE-CF00-4D74-8779-2D5348BF09F3}.Debug|x64.Build.0 = Debug|Any CPU
		{3BECCABE-CF00-4D74-8779-2D5348BF09F3}.Debug|x86.ActiveCfg = Debug|Any CPU
		{3BECCABE-CF00-4D74-8779-2D5348BF09F3}.Debug|x86.Build.0 = Debug|Any CPU
		{3BECCABE-CF00-4D74-8779-2D5348BF09F3}.Release|Any CPU.ActiveCfg = Release|Any CPU
		{3BECCABE-CF00-4D74-8779-2D5348BF09F3}.Release|Any CPU.Build.0 = Release|Any CPU
		{3BECCABE-CF00-4D74-8779-2D5348BF09F3}.Release|x64.ActiveCfg = Release|Any CPU
		{3BECCABE-CF00-4D74-8779-2D5348BF09F3}.Release|x64.Build.0 = Release|Any CPU
		{3BECCABE-CF00-4D74-8779-2D5348BF09F3}.Release|x86.ActiveCfg = Release|Any CPU
		{3BECCABE-CF00-4D74-8779-2D5348BF09F3}.Release|x86.Build.0 = Release|Any CPU
		{AAB67F09-961C-4AC9-839F-2046C1660BFA}.Debug|Any CPU.ActiveCfg = Debug|Any CPU
		{AAB67F09-961C-4AC9-839F-2046C1660BFA}.Debug|Any CPU.Build.0 = Debug|Any CPU
		{AAB67F09-961C-4AC9-839F-2046C1660BFA}.Debug|x64.ActiveCfg = Debug|Any CPU
		{AAB67F09-961C-4AC9-839F-2046C1660BFA}.Debug|x64.Build.0 = Debug|Any CPU
		{AAB67F09-961C-4AC9-839F-2046C1660BFA}.Debug|x86.ActiveCfg = Debug|Any CPU
		{AAB67F09-961C-4AC9-839F-2046C1660BFA}.Debug|x86.Build.0 = Debug|Any CPU
		{AAB67F09-961C-4AC9-839F-2046C1660BFA}.Release|Any CPU.ActiveCfg = Release|Any CPU
		{AAB67F09-961C-4AC9-839F-2046C1660BFA}.Release|Any CPU.Build.0 = Release|Any CPU
		{AAB67F09-961C-4AC9-839F-2046C1660BFA}.Release|x64.ActiveCfg = Release|Any CPU
		{AAB67F09-961C-4AC9-839F-2046C1660BFA}.Release|x64.Build.0 = Release|Any CPU
		{AAB67F09-961C-4AC9-839F-2046C1660BFA}.Release|x86.ActiveCfg = Release|Any CPU
		{AAB67F09-961C-4AC9-839F-2046C1660BFA}.Release|x86.Build.0 = Release|Any CPU
		{9E87A795-E740-4FE2-A819-F70FC86F40CC}.Debug|Any CPU.ActiveCfg = Debug|Any CPU
		{9E87A795-E740-4FE2-A819-F70FC86F40CC}.Debug|Any CPU.Build.0 = Debug|Any CPU
		{9E87A795-E740-4FE2-A819-F70FC86F40CC}.Debug|x64.ActiveCfg = Debug|Any CPU
		{9E87A795-E740-4FE2-A819-F70FC86F40CC}.Debug|x64.Build.0 = Debug|Any CPU
		{9E87A795-E740-4FE2-A819-F70FC86F40CC}.Debug|x86.ActiveCfg = Debug|Any CPU
		{9E87A795-E740-4FE2-A819-F70FC86F40CC}.Debug|x86.Build.0 = Debug|Any CPU
		{9E87A795-E740-4FE2-A819-F70FC86F40CC}.Release|Any CPU.ActiveCfg = Release|Any CPU
		{9E87A795-E740-4FE2-A819-F70FC86F40CC}.Release|Any CPU.Build.0 = Release|Any CPU
		{9E87A795-E740-4FE2-A819-F70FC86F40CC}.Release|x64.ActiveCfg = Release|Any CPU
		{9E87A795-E740-4FE2-A819-F70FC86F40CC}.Release|x64.Build.0 = Release|Any CPU
		{9E87A795-E740-4FE2-A819-F70FC86F40CC}.Release|x86.ActiveCfg = Release|Any CPU
		{9E87A795-E740-4FE2-A819-F70FC86F40CC}.Release|x86.Build.0 = Release|Any CPU
		{3EC2A103-034D-4B88-BB53-4D80643E4723}.Debug|Any CPU.ActiveCfg = Debug|Any CPU
		{3EC2A103-034D-4B88-BB53-4D80643E4723}.Debug|Any CPU.Build.0 = Debug|Any CPU
		{3EC2A103-034D-4B88-BB53-4D80643E4723}.Debug|x64.ActiveCfg = Debug|Any CPU
		{3EC2A103-034D-4B88-BB53-4D80643E4723}.Debug|x64.Build.0 = Debug|Any CPU
		{3EC2A103-034D-4B88-BB53-4D80643E4723}.Debug|x86.ActiveCfg = Debug|Any CPU
		{3EC2A103-034D-4B88-BB53-4D80643E4723}.Debug|x86.Build.0 = Debug|Any CPU
		{3EC2A103-034D-4B88-BB53-4D80643E4723}.Release|Any CPU.ActiveCfg = Release|Any CPU
		{3EC2A103-034D-4B88-BB53-4D80643E4723}.Release|Any CPU.Build.0 = Release|Any CPU
		{3EC2A103-034D-4B88-BB53-4D80643E4723}.Release|x64.ActiveCfg = Release|Any CPU
		{3EC2A103-034D-4B88-BB53-4D80643E4723}.Release|x64.Build.0 = Release|Any CPU
		{3EC2A103-034D-4B88-BB53-4D80643E4723}.Release|x86.ActiveCfg = Release|Any CPU
		{3EC2A103-034D-4B88-BB53-4D80643E4723}.Release|x86.Build.0 = Release|Any CPU
	EndGlobalSection
	GlobalSection(NestedProjects) = preSolution
		{50E00779-5976-4095-A732-A13D51BA1538} = {7238E60E-1995-4288-9662-D5492A953218}
		{20EF04D1-8BF7-4A4B-8927-CA58AA1291DF} = {7238E60E-1995-4288-9662-D5492A953218}
		{9E847272-3CC4-4EDA-8DC7-440C827F814B} = {7238E60E-1995-4288-9662-D5492A953218}
		{3B4DA551-8DAC-4017-ADBA-B658ED65F1A0} = {7238E60E-1995-4288-9662-D5492A953218}
		{BC347FFB-11BD-4B7C-B491-AFDBE49B0DEB} = {7238E60E-1995-4288-9662-D5492A953218}
		{1FB50BFD-9BB1-4679-A026-EBB418BA0D15} = {7238E60E-1995-4288-9662-D5492A953218}
		{49324A8A-191A-4491-BD64-4F65D8B7C7C4} = {7238E60E-1995-4288-9662-D5492A953218}
		{1156B5DD-2AA1-4463-8765-C8A686107323} = {7238E60E-1995-4288-9662-D5492A953218}
		{90ED48CE-A867-47ED-9737-ED1FFBDEBFBF} = {7238E60E-1995-4288-9662-D5492A953218}
		{2E84727F-F8DF-4754-9DCF-4E141E92F974} = {7238E60E-1995-4288-9662-D5492A953218}
		{B710FFBF-A963-446C-8FA8-1B2D3A239F44} = {7238E60E-1995-4288-9662-D5492A953218}
		{24976A5B-6B45-4B41-8235-401CE3A0738C} = {7238E60E-1995-4288-9662-D5492A953218}
		{DEECD663-B5D8-408C-8ED3-385B6108E5BB} = {7238E60E-1995-4288-9662-D5492A953218}
		{15478FE3-7E22-488A-8668-E56E7452FB05} = {7238E60E-1995-4288-9662-D5492A953218}
		{1C943194-B8F8-4FBB-920F-791DF64B01C1} = {7238E60E-1995-4288-9662-D5492A953218}
		{4ACB7257-3504-44F5-9FBC-430DAC92ED1B} = {7238E60E-1995-4288-9662-D5492A953218}
		{C5C1C7CD-E8E5-4AD7-9C93-F4AD1D52407F} = {7238E60E-1995-4288-9662-D5492A953218}
		{95445AAE-9B7F-498D-9A55-B342678BB2F7} = {7238E60E-1995-4288-9662-D5492A953218}
		{791C8585-64D3-4E91-818D-A7726384775F} = {7238E60E-1995-4288-9662-D5492A953218}
		{B23205F9-6BA1-4CF1-A5FB-94D36B2DD60C} = {7238E60E-1995-4288-9662-D5492A953218}
		{D209DBDC-D2D1-43D7-A425-E117128AD39F} = {7238E60E-1995-4288-9662-D5492A953218}
		{4EE047C5-F36C-4209-ACAA-69A2B8A06EBE} = {7238E60E-1995-4288-9662-D5492A953218}
		{FE4ADA05-7694-41CA-809A-D9E711FA6CE3} = {0601F6A8-A2A7-4EC3-8329-14FE4FF1A4BE}
		{42004C65-2525-4DB9-98F0-E2FBAC818876} = {0601F6A8-A2A7-4EC3-8329-14FE4FF1A4BE}
		{8E75A524-A400-485E-818B-7F8D92C066F4} = {0601F6A8-A2A7-4EC3-8329-14FE4FF1A4BE}
		{2D0EC3AC-E4EC-47F3-9508-FB038F728DF3} = {0601F6A8-A2A7-4EC3-8329-14FE4FF1A4BE}
		{7D69FD20-850D-4EC7-8EEC-AD4319A6BE47} = {0601F6A8-A2A7-4EC3-8329-14FE4FF1A4BE}
		{8808492A-558C-4657-899D-950DF068EB7E} = {0601F6A8-A2A7-4EC3-8329-14FE4FF1A4BE}
		{3BECCABE-CF00-4D74-8779-2D5348BF09F3} = {0601F6A8-A2A7-4EC3-8329-14FE4FF1A4BE}
		{AAB67F09-961C-4AC9-839F-2046C1660BFA} = {0601F6A8-A2A7-4EC3-8329-14FE4FF1A4BE}
		{9E87A795-E740-4FE2-A819-F70FC86F40CC} = {0601F6A8-A2A7-4EC3-8329-14FE4FF1A4BE}
		{3EC2A103-034D-4B88-BB53-4D80643E4723} = {0601F6A8-A2A7-4EC3-8329-14FE4FF1A4BE}
	EndGlobalSection
EndGlobal
